
Microsoft Visual Studio Solution File, Format Version 12.00
# Visual Studio Version 16
VisualStudioVersion = 16.0.31702.278
MinimumVisualStudioVersion = 10.0.40219.1
Project("{888888A0-9F3D-457C-B088-3A5042F75D52}") = "PythonTask1", "PythonTask1\PythonTask1.pyproj", "{7AB20EA3-7281-4251-B77B-4F71E4E00807}"
EndProject
Global
	GlobalSection(SolutionConfigurationPlatforms) = preSolution
		Debug|Any CPU = Debug|Any CPU
		Release|Any CPU = Release|Any CPU
	EndGlobalSection
	GlobalSection(ProjectConfigurationPlatforms) = postSolution
		{7AB20EA3-7281-4251-B77B-4F71E4E00807}.Debug|Any CPU.ActiveCfg = Debug|Any CPU
		{7AB20EA3-7281-4251-B77B-4F71E4E00807}.Release|Any CPU.ActiveCfg = Release|Any CPU
	EndGlobalSection
	GlobalSection(SolutionProperties) = preSolution
		HideSolutionNode = FALSE
	EndGlobalSection
	GlobalSection(ExtensibilityGlobals) = postSolution
		SolutionGuid = {C95C3354-300F-4462-BED2-CBFC9B0E81BA}
	EndGlobalSection
EndGlobal
